<?xml version="1.0" encoding="utf-8"?>
<Project ToolsVersion="4.0" xmlns="http://schemas.microsoft.com/developer/msbuild/2003">
  <ItemGroup>
    <Filter Include="Исходные файлы">
      <UniqueIdentifier>{4FC737F1-C7A5-4376-A066-2A32D752A2FF}</UniqueIdentifier>
      <Extensions>cpp;c;cc;cxx;c++;cppm;ixx;def;odl;idl;hpj;bat;asm;asmx</Extensions>
    </Filter>
    <Filter Include="Файлы заголовков">
      <UniqueIdentifier>{93995380-89BD-4b04-88EB-625FBE52EBFB}</UniqueIdentifier>
      <Extensions>h;hh;hpp;hxx;h++;hm;inl;inc;ipp;xsd</Extensions>
    </Filter>
    <Filter Include="Файлы ресурсов">
      <UniqueIdentifier>{67DA6AB6-F800-4c08-8B7A-83BB121AAD01}</UniqueIdentifier>
      <Extensions>rc;ico;cur;bmp;dlg;rc2;rct;bin;rgs;gif;jpg;jpeg;jpe;resx;tiff;tif;png;wav;mfcribbon-ms</Extensions>
    </Filter>
  </ItemGroup>
  <ItemGroup>
    <ClInclude Include="includes.h">
      <Filter>Файлы заголовков</Filter>
    </ClInclude>
    <ClInclude Include="core\memory.h">
      <Filter>Файлы заголовков</Filter>
    </ClInclude>
    <ClInclude Include="core\helpers.h">
      <Filter>Файлы заголовков</Filter>
    </ClInclude>
    <ClInclude Include="utils.h">
      <Filter>Файлы заголовков</Filter>
    </ClInclude>
    <ClInclude Include="core\render.h">
      <Filter>Файлы заголовков</Filter>
    </ClInclude>
    <ClInclude Include="core\security.h">
      <Filter>Файлы заголовков</Filter>
    </ClInclude>
    <ClInclude Include="core\network.h">
      <Filter>Файлы заголовков</Filter>
    </ClInclude>
    <ClInclude Include="dependencies\imgui\imconfig.h">
      <Filter>Файлы заголовков</Filter>
    </ClInclude>
    <ClInclude Include="dependencies\imgui\imgui.h">
      <Filter>Файлы заголовков</Filter>
    </ClInclude>
    <ClInclude Include="dependencies\imgui\imgui_freetype.h">
      <Filter>Файлы заголовков</Filter>
    </ClInclude>
    <ClInclude Include="dependencies\imgui\imgui_impl_dx9.h">
      <Filter>Файлы заголовков</Filter>
    </ClInclude>
    <ClInclude Include="dependencies\imgui\imgui_impl_win32.h">
      <Filter>Файлы заголовков</Filter>
    </ClInclude>
    <ClInclude Include="dependencies\imgui\imgui_internal.h">
      <Filter>Файлы заголовков</Filter>
    </ClInclude>
    <ClInclude Include="dependencies\imgui\imstb_rectpack.h">
      <Filter>Файлы заголовков</Filter>
    </ClInclude>
    <ClInclude Include="dependencies\imgui\imstb_textedit.h">
      <Filter>Файлы заголовков</Filter>
    </ClInclude>
    <ClInclude Include="dependencies\imgui\imstb_truetype.h">
      <Filter>Файлы заголовков</Filter>
    </ClInclude>
    <ClInclude Include="sdk.h">
      <Filter>Файлы заголовков</Filter>
    </ClInclude>
    <ClInclude Include="dependencies\antidbg\antidbg.h">
      <Filter>Файлы заголовков</Filter>
    </ClInclude>
    <ClInclude Include="sdk\classes.h">
      <Filter>Файлы заголовков</Filter>
    </ClInclude>
    <ClInclude Include="sdk\platform.h">
      <Filter>Файлы заголовков</Filter>
    </ClInclude>
    <ClInclude Include="sdk\interfaces.h">
      <Filter>Файлы заголовков</Filter>
    </ClInclude>
    <ClInclude Include="core\globals.h">
      <Filter>Файлы заголовков</Filter>
    </ClInclude>
    <ClInclude Include="core\math.h">
      <Filter>Файлы заголовков</Filter>
    </ClInclude>
    <ClInclude Include="sdk\types\vector.h">
      <Filter>Файлы заголовков</Filter>
    </ClInclude>
    <ClInclude Include="sdk\types\angle.h">
      <Filter>Файлы заголовков</Filter>
    </ClInclude>
    <ClInclude Include="sdk\types\matrix.h">
      <Filter>Файлы заголовков</Filter>
    </ClInclude>
    <ClInclude Include="core\logs.h">
      <Filter>Файлы заголовков</Filter>
    </ClInclude>
    <ClInclude Include="sdk\types\clientclass.h">
      <Filter>Файлы заголовков</Filter>
    </ClInclude>
    <ClInclude Include="sdk\types\recv.h">
      <Filter>Файлы заголовков</Filter>
    </ClInclude>
    <ClInclude Include="sdk\interfaces\engine.h">
      <Filter>Файлы заголовков</Filter>
    </ClInclude>
    <ClInclude Include="sdk\interfaces\netchannel.h">
      <Filter>Файлы заголовков</Filter>
    </ClInclude>
    <ClInclude Include="sdk\types\bitbuf.h">
      <Filter>Файлы заголовков</Filter>
    </ClInclude>
    <ClInclude Include="additional\eventmanager.h">
      <Filter>Файлы заголовков</Filter>
    </ClInclude>
    <ClInclude Include="sdk\interfaces\events.h">
      <Filter>Файлы заголовков</Filter>
    </ClInclude>
    <ClInclude Include="sdk\interfaces\client.h">
      <Filter>Файлы заголовков</Filter>
    </ClInclude>
    <ClInclude Include="additional\timer.h">
      <Filter>Файлы заголовков</Filter>
    </ClInclude>
    <ClInclude Include="sdk\types\tracehelpers.h">
      <Filter>Файлы заголовков</Filter>
    </ClInclude>
    <ClInclude Include="sdk\types\handle.h">
      <Filter>Файлы заголовков</Filter>
    </ClInclude>
    <ClInclude Include="sdk\types\surfaceflags.h">
      <Filter>Файлы заголовков</Filter>
    </ClInclude>
    <ClInclude Include="sdk\interfaces\prediction.h">
      <Filter>Файлы заголовков</Filter>
    </ClInclude>
    <ClInclude Include="sdk\interfaces\globalvars.h">
      <Filter>Файлы заголовков</Filter>
    </ClInclude>
    <ClInclude Include="sdk\interfaces\materialsystem.h">
      <Filter>Файлы заголовков</Filter>
    </ClInclude>
    <ClInclude Include="sdk\interfaces\collideable.h">
      <Filter>Файлы заголовков</Filter>
    </ClInclude>
    <ClInclude Include="sdk\interfaces\gameconsole.h">
      <Filter>Файлы заголовков</Filter>
    </ClInclude>
    <ClInclude Include="sdk\interfaces\server.h">
      <Filter>Файлы заголовков</Filter>
    </ClInclude>
    <ClInclude Include="sdk\interfaces\steamapi.h">
      <Filter>Файлы заголовков</Filter>
    </ClInclude>
    <ClInclude Include="sdk\interfaces\glowmanager.h">
      <Filter>Файлы заголовков</Filter>
    </ClInclude>
    <ClInclude Include="additional\stencilglow.h">
      <Filter>Файлы заголовков</Filter>
    </ClInclude>
    <ClInclude Include="sdk\types\matrenderctx.h">
      <Filter>Файлы заголовков</Filter>
    </ClInclude>
    <ClInclude Include="sdk\types\matrenderctx_defs.h">
      <Filter>Файлы заголовков</Filter>
    </ClInclude>
    <ClInclude Include="sdk\types\stencil_defs.h">
      <Filter>Файлы заголовков</Filter>
    </ClInclude>
    <ClInclude Include="sdk\types\classid.h">
      <Filter>Файлы заголовков</Filter>
    </ClInclude>
    <ClInclude Include="additional\config.h">
      <Filter>Файлы заголовков</Filter>
    </ClInclude>
    <ClInclude Include="sdk\interfaces\cliententity.h">
      <Filter>Файлы заголовков</Filter>
    </ClInclude>
    <ClInclude Include="sdk\interfaces\entitylist.h">
      <Filter>Файлы заголовков</Filter>
    </ClInclude>
    <ClInclude Include="sdk\types\datamap.h">
      <Filter>Файлы заголовков</Filter>
    </ClInclude>
    <ClInclude Include="sdk\interfaces\modelrender.h">
      <Filter>Файлы заголовков</Filter>
    </ClInclude>
    <ClInclude Include="sdk\types\studiorender_defs.h">
      <Filter>Файлы заголовков</Filter>
    </ClInclude>
    <ClInclude Include="sdk\interfaces\studiorender.h">
      <Filter>Файлы заголовков</Filter>
    </ClInclude>
    <ClInclude Include="sdk\interfaces\surface.h">
      <Filter>Файлы заголовков</Filter>
    </ClInclude>
    <ClInclude Include="sdk\types\utlvector.h">
      <Filter>Файлы заголовков</Filter>
    </ClInclude>
    <ClInclude Include="sdk\types\utlmemory.h">
      <Filter>Файлы заголовков</Filter>
    </ClInclude>
    <ClInclude Include="sdk\structs.h">
      <Filter>Файлы заголовков</Filter>
    </ClInclude>
    <ClInclude Include="dependencies\fmt\args.h">
      <Filter>Файлы заголовков</Filter>
    </ClInclude>
    <ClInclude Include="dependencies\fmt\chrono.h">
      <Filter>Файлы заголовков</Filter>
    </ClInclude>
    <ClInclude Include="dependencies\fmt\color.h">
      <Filter>Файлы заголовков</Filter>
    </ClInclude>
    <ClInclude Include="dependencies\fmt\compile.h">
      <Filter>Файлы заголовков</Filter>
    </ClInclude>
    <ClInclude Include="dependencies\fmt\core.h">
      <Filter>Файлы заголовков</Filter>
    </ClInclude>
    <ClInclude Include="dependencies\fmt\format.h">
      <Filter>Файлы заголовков</Filter>
    </ClInclude>
    <ClInclude Include="dependencies\fmt\format-inl.h">
      <Filter>Файлы заголовков</Filter>
    </ClInclude>
    <ClInclude Include="dependencies\fmt\locale.h">
      <Filter>Файлы заголовков</Filter>
    </ClInclude>
    <ClInclude Include="dependencies\fmt\os.h">
      <Filter>Файлы заголовков</Filter>
    </ClInclude>
    <ClInclude Include="dependencies\fmt\ostream.h">
      <Filter>Файлы заголовков</Filter>
    </ClInclude>
    <ClInclude Include="dependencies\fmt\printf.h">
      <Filter>Файлы заголовков</Filter>
    </ClInclude>
    <ClInclude Include="dependencies\fmt\ranges.h">
      <Filter>Файлы заголовков</Filter>
    </ClInclude>
    <ClInclude Include="dependencies\fmt\xchar.h">
      <Filter>Файлы заголовков</Filter>
    </ClInclude>
    <ClInclude Include="additional\cl.h">
      <Filter>Файлы заголовков</Filter>
    </ClInclude>
    <ClInclude Include="sdk\types\studio.h">
      <Filter>Файлы заголовков</Filter>
    </ClInclude>
    <ClInclude Include="sdk\interfaces\localize.h">
      <Filter>Файлы заголовков</Filter>
    </ClInclude>
    <ClInclude Include="sdk\interfaces\vphysics.h">
      <Filter>Файлы заголовков</Filter>
    </ClInclude>
    <ClInclude Include="sdk\interfaces\input.h">
      <Filter>Файлы заголовков</Filter>
    </ClInclude>
    <ClInclude Include="sdk\interfaces\game.h">
      <Filter>Файлы заголовков</Filter>
    </ClInclude>
    <ClInclude Include="features\chams\chams.h">
      <Filter>Файлы заголовков</Filter>
    </ClInclude>
    <ClInclude Include="sdk\types\keyvalues.h">
      <Filter>Файлы заголовков</Filter>
    </ClInclude>
    <ClInclude Include="features\hooks\hooks.h">
      <Filter>Файлы заголовков</Filter>
    </ClInclude>
    <ClInclude Include="dependencies\minhook\hde\hde32.h">
      <Filter>Файлы заголовков</Filter>
    </ClInclude>
    <ClInclude Include="dependencies\minhook\hde\hde64.h">
      <Filter>Файлы заголовков</Filter>
    </ClInclude>
    <ClInclude Include="dependencies\minhook\hde\pstdint.h">
      <Filter>Файлы заголовков</Filter>
    </ClInclude>
    <ClInclude Include="dependencies\minhook\hde\table32.h">
      <Filter>Файлы заголовков</Filter>
    </ClInclude>
    <ClInclude Include="dependencies\minhook\hde\table64.h">
      <Filter>Файлы заголовков</Filter>
    </ClInclude>
    <ClInclude Include="dependencies\minhook\buffer.h">
      <Filter>Файлы заголовков</Filter>
    </ClInclude>
    <ClInclude Include="dependencies\minhook\MinHook.h">
      <Filter>Файлы заголовков</Filter>
    </ClInclude>
    <ClInclude Include="dependencies\minhook\trampoline.h">
      <Filter>Файлы заголовков</Filter>
    </ClInclude>
    <ClInclude Include="features\menu\menu.h">
      <Filter>Файлы заголовков</Filter>
    </ClInclude>
  </ItemGroup>
  <ItemGroup>
    <ClCompile Include="dllmain.cpp">
      <Filter>Исходные файлы</Filter>
    </ClCompile>
    <ClCompile Include="core\memory.cpp">
      <Filter>Исходные файлы</Filter>
    </ClCompile>
    <ClCompile Include="core\helpers.cpp">
      <Filter>Исходные файлы</Filter>
    </ClCompile>
    <ClCompile Include="core\render.cpp">
      <Filter>Исходные файлы</Filter>
    </ClCompile>
    <ClCompile Include="core\security.cpp">
      <Filter>Исходные файлы</Filter>
    </ClCompile>
    <ClCompile Include="utils.cpp">
      <Filter>Исходные файлы</Filter>
    </ClCompile>
    <ClCompile Include="core\network.cpp">
      <Filter>Исходные файлы</Filter>
    </ClCompile>
    <ClCompile Include="dependencies\imgui\imgui.cpp">
      <Filter>Исходные файлы</Filter>
    </ClCompile>
    <ClCompile Include="dependencies\imgui\imgui_demo.cpp">
      <Filter>Исходные файлы</Filter>
    </ClCompile>
    <ClCompile Include="dependencies\imgui\imgui_draw.cpp">
      <Filter>Исходные файлы</Filter>
    </ClCompile>
    <ClCompile Include="dependencies\imgui\imgui_impl_dx9.cpp">
      <Filter>Исходные файлы</Filter>
    </ClCompile>
    <ClCompile Include="dependencies\imgui\imgui_impl_win32.cpp">
      <Filter>Исходные файлы</Filter>
    </ClCompile>
    <ClCompile Include="dependencies\imgui\imgui_tables.cpp">
      <Filter>Исходные файлы</Filter>
    </ClCompile>
    <ClCompile Include="dependencies\imgui\imgui_widgets.cpp">
      <Filter>Исходные файлы</Filter>
    </ClCompile>
    <ClCompile Include="dependencies\antidbg\antidbg.cpp">
      <Filter>Исходные файлы</Filter>
    </ClCompile>
    <ClCompile Include="sdk\classes.cpp">
      <Filter>Исходные файлы</Filter>
    </ClCompile>
    <ClCompile Include="sdk\platform.cpp">
      <Filter>Исходные файлы</Filter>
    </ClCompile>
    <ClCompile Include="sdk\interfaces.cpp">
      <Filter>Исходные файлы</Filter>
    </ClCompile>
    <ClCompile Include="core\math.cpp">
      <Filter>Исходные файлы</Filter>
    </ClCompile>
    <ClCompile Include="sdk\types\matrix.cpp">
      <Filter>Исходные файлы</Filter>
    </ClCompile>
    <ClCompile Include="core\logs.cpp">
      <Filter>Исходные файлы</Filter>
    </ClCompile>
    <ClCompile Include="sdk\types\bitbuf.cpp">
      <Filter>Исходные файлы</Filter>
    </ClCompile>
    <ClCompile Include="additional\eventmanager.cpp">
      <Filter>Исходные файлы</Filter>
    </ClCompile>
    <ClCompile Include="additional\timer.cpp">
      <Filter>Исходные файлы</Filter>
    </ClCompile>
    <ClCompile Include="additional\stencilglow.cpp">
      <Filter>Исходные файлы</Filter>
    </ClCompile>
    <ClCompile Include="additional\config.cpp">
      <Filter>Исходные файлы</Filter>
    </ClCompile>
    <ClCompile Include="additional\cl.cpp">
      <Filter>Исходные файлы</Filter>
    </ClCompile>
    <ClCompile Include="features\chams\chams.cpp">
      <Filter>Исходные файлы</Filter>
    </ClCompile>
    <ClCompile Include="dependencies\minhook\hde\hde32.c">
      <Filter>Исходные файлы</Filter>
    </ClCompile>
    <ClCompile Include="dependencies\minhook\hde\hde64.c">
      <Filter>Исходные файлы</Filter>
    </ClCompile>
    <ClCompile Include="dependencies\minhook\buffer.c">
      <Filter>Исходные файлы</Filter>
    </ClCompile>
    <ClCompile Include="dependencies\minhook\hook.c">
      <Filter>Исходные файлы</Filter>
    </ClCompile>
    <ClCompile Include="dependencies\minhook\trampoline.c">
      <Filter>Исходные файлы</Filter>
    </ClCompile>
    <ClCompile Include="features\hooks\hooks.cpp">
      <Filter>Исходные файлы</Filter>
    </ClCompile>
    <ClCompile Include="features\menu\menu.cpp">
      <Filter>Исходные файлы</Filter>
    </ClCompile>
  </ItemGroup>
  <ItemGroup>
    <Text Include="todo.txt" />
  </ItemGroup>
</Project>